
Microsoft Visual Studio Solution File, Format Version 12.00
# Visual Studio 2013
VisualStudioVersion = 12.0.20824.1
MinimumVisualStudioVersion = 10.0.40219.1
Project("{FAE04EC0-301F-11D3-BF4B-00C04F79EFBC}") = "BackPressureRx", "BackPressureRx\BackPressureRx.csproj", "{13209DFA-799A-4E10-8108-32F6E45EB968}"
EndProject
Project("{FAE04EC0-301F-11D3-BF4B-00C04F79EFBC}") = "BackPressureRx.Sample", "BackPressureRx.Sample\BackPressureRx.Sample.csproj", "{0D799F77-1E06-4475-9B25-AE7F6BF35FCB}"
EndProject
Global
	GlobalSection(SolutionConfigurationPlatforms) = preSolution
		Debug|Any CPU = Debug|Any CPU
		Debug|ARM = Debug|ARM
		Debug|x64 = Debug|x64
		Debug|x86 = Debug|x86
		Release|Any CPU = Release|Any CPU
		Release|ARM = Release|ARM
		Release|x64 = Release|x64
		Release|x86 = Release|x86
	EndGlobalSection
	GlobalSection(ProjectConfigurationPlatforms) = postSolution
		{13209DFA-799A-4E10-8108-32F6E45EB968}.Debug|Any CPU.ActiveCfg = Debug|Any CPU
		{13209DFA-799A-4E10-8108-32F6E45EB968}.Debug|Any CPU.Build.0 = Debug|Any CPU
		{13209DFA-799A-4E10-8108-32F6E45EB968}.Debug|ARM.ActiveCfg = Debug|Any CPU
		{13209DFA-799A-4E10-8108-32F6E45EB968}.Debug|x64.ActiveCfg = Debug|Any CPU
		{13209DFA-799A-4E10-8108-32F6E45EB968}.Debug|x86.ActiveCfg = Debug|Any CPU
		{13209DFA-799A-4E10-8108-32F6E45EB968}.Release|Any CPU.ActiveCfg = Release|Any CPU
		{13209DFA-799A-4E10-8108-32F6E45EB968}.Release|Any CPU.Build.0 = Release|Any CPU
		{13209DFA-799A-4E10-8108-32F6E45EB968}.Release|ARM.ActiveCfg = Release|Any CPU
		{13209DFA-799A-4E10-8108-32F6E45EB968}.Release|x64.ActiveCfg = Release|Any CPU
		{13209DFA-799A-4E10-8108-32F6E45EB968}.Release|x86.ActiveCfg = Release|Any CPU
		{0D799F77-1E06-4475-9B25-AE7F6BF35FCB}.Debug|Any CPU.ActiveCfg = Debug|Any CPU
		{0D799F77-1E06-4475-9B25-AE7F6BF35FCB}.Debug|Any CPU.Build.0 = Debug|Any CPU
		{0D799F77-1E06-4475-9B25-AE7F6BF35FCB}.Debug|Any CPU.Deploy.0 = Debug|Any CPU
		{0D799F77-1E06-4475-9B25-AE7F6BF35FCB}.Debug|ARM.ActiveCfg = Debug|ARM
		{0D799F77-1E06-4475-9B25-AE7F6BF35FCB}.Debug|ARM.Build.0 = Debug|ARM
		{0D799F77-1E06-4475-9B25-AE7F6BF35FCB}.Debug|ARM.Deploy.0 = Debug|ARM
		{0D799F77-1E06-4475-9B25-AE7F6BF35FCB}.Debug|x64.ActiveCfg = Debug|x64
		{0D799F77-1E06-4475-9B25-AE7F6BF35FCB}.Debug|x64.Build.0 = Debug|x64
		{0D799F77-1E06-4475-9B25-AE7F6BF35FCB}.Debug|x64.Deploy.0 = Debug|x64
		{0D799F77-1E06-4475-9B25-AE7F6BF35FCB}.Debug|x86.ActiveCfg = Debug|x86
		{0D799F77-1E06-4475-9B25-AE7F6BF35FCB}.Debug|x86.Build.0 = Debug|x86
		{0D799F77-1E06-4475-9B25-AE7F6BF35FCB}.Debug|x86.Deploy.0 = Debug|x86
		{0D799F77-1E06-4475-9B25-AE7F6BF35FCB}.Release|Any CPU.ActiveCfg = Release|Any CPU
		{0D799F77-1E06-4475-9B25-AE7F6BF35FCB}.Release|Any CPU.Build.0 = Release|Any CPU
		{0D799F77-1E06-4475-9B25-AE7F6BF35FCB}.Release|Any CPU.Deploy.0 = Release|Any CPU
		{0D799F77-1E06-4475-9B25-AE7F6BF35FCB}.Release|ARM.ActiveCfg = Release|ARM
		{0D799F77-1E06-4475-9B25-AE7F6BF35FCB}.Release|ARM.Build.0 = Release|ARM
		{0D799F77-1E06-4475-9B25-AE7F6BF35FCB}.Release|ARM.Deploy.0 = Release|ARM
		{0D799F77-1E06-4475-9B25-AE7F6BF35FCB}.Release|x64.ActiveCfg = Release|x64
		{0D799F77-1E06-4475-9B25-AE7F6BF35FCB}.Release|x64.Build.0 = Release|x64
		{0D799F77-1E06-4475-9B25-AE7F6BF35FCB}.Release|x64.Deploy.0 = Release|x64
		{0D799F77-1E06-4475-9B25-AE7F6BF35FCB}.Release|x86.ActiveCfg = Release|x86
		{0D799F77-1E06-4475-9B25-AE7F6BF35FCB}.Release|x86.Build.0 = Release|x86
		{0D799F77-1E06-4475-9B25-AE7F6BF35FCB}.Release|x86.Deploy.0 = Release|x86
	EndGlobalSection
	GlobalSection(SolutionProperties) = preSolution
		HideSolutionNode = FALSE
	EndGlobalSection
EndGlobal
